
Microsoft Visual Studio Solution File, Format Version 12.00
# Visual Studio 15
VisualStudioVersion = 15.0.28307.421
MinimumVisualStudioVersion = 10.0.40219.1
Project("{9A19103F-16F7-4668-BE54-9A1E7A4F7556}") = "TourAgency.WebApi", "TourAgency.WebApi\TourAgency.WebApi.csproj", "{C2C5E1E8-7656-4D90-8331-3C030B35613F}"
EndProject
Project("{9A19103F-16F7-4668-BE54-9A1E7A4F7556}") = "TourAgency.DAL", "TourAgency.DAL\TourAgency.DAL.csproj", "{4F2C1117-A3E5-42E5-B248-CC724A08E440}"
EndProject
Project("{FAE04EC0-301F-11D3-BF4B-00C04F79EFBC}") = "TourAgency.BLL", "TourAgency.BLL\TourAgency.BLL.csproj", "{9A44F03E-C52B-44C2-B699-18519D8B263D}"
EndProject
Global
	GlobalSection(SolutionConfigurationPlatforms) = preSolution
		Debug|Any CPU = Debug|Any CPU
		Release|Any CPU = Release|Any CPU
	EndGlobalSection
	GlobalSection(ProjectConfigurationPlatforms) = postSolution
		{C2C5E1E8-7656-4D90-8331-3C030B35613F}.Debug|Any CPU.ActiveCfg = Debug|Any CPU
		{C2C5E1E8-7656-4D90-8331-3C030B35613F}.Debug|Any CPU.Build.0 = Debug|Any CPU
		{C2C5E1E8-7656-4D90-8331-3C030B35613F}.Release|Any CPU.ActiveCfg = Release|Any CPU
		{C2C5E1E8-7656-4D90-8331-3C030B35613F}.Release|Any CPU.Build.0 = Release|Any CPU
		{4F2C1117-A3E5-42E5-B248-CC724A08E440}.Debug|Any CPU.ActiveCfg = Debug|Any CPU
		{4F2C1117-A3E5-42E5-B248-CC724A08E440}.Debug|Any CPU.Build.0 = Debug|Any CPU
		{4F2C1117-A3E5-42E5-B248-CC724A08E440}.Release|Any CPU.ActiveCfg = Release|Any CPU
		{4F2C1117-A3E5-42E5-B248-CC724A08E440}.Release|Any CPU.Build.0 = Release|Any CPU
		{9A44F03E-C52B-44C2-B699-18519D8B263D}.Debug|Any CPU.ActiveCfg = Debug|Any CPU
		{9A44F03E-C52B-44C2-B699-18519D8B263D}.Debug|Any CPU.Build.0 = Debug|Any CPU
		{9A44F03E-C52B-44C2-B699-18519D8B263D}.Release|Any CPU.ActiveCfg = Release|Any CPU
		{9A44F03E-C52B-44C2-B699-18519D8B263D}.Release|Any CPU.Build.0 = Release|Any CPU
	EndGlobalSection
	GlobalSection(SolutionProperties) = preSolution
		HideSolutionNode = FALSE
	EndGlobalSection
	GlobalSection(ExtensibilityGlobals) = postSolution
		SolutionGuid = {27AB7393-8E69-43D5-A5AB-52E7EFE0F74E}
	EndGlobalSection
EndGlobal
